
Microsoft Visual Studio Solution File, Format Version 12.00
# Visual Studio 2015
Project("{FAE04EC0-301F-11D3-BF4B-00C04F79EFBC}") = "FactoryDemo.CSharp", "FactoryDemo.CSharp.csproj", "{CF80B501-270A-6172-B2BD-BFAEDE487451}"
EndProject
Project("{FAE04EC0-301F-11D3-BF4B-00C04F79EFBC}") = "FactoryDemo.CSharp.Editor", "FactoryDemo.CSharp.Editor.csproj", "{C22B701E-F405-6748-D688-9310F23040DD}"
EndProject
Global
	GlobalSection(SolutionConfigurationPlatforms) = preSolution
		Debug|Any CPU = Debug|Any CPU
		Release|Any CPU = Release|Any CPU
	EndGlobalSection
	GlobalSection(ProjectConfigurationPlatforms) = postSolution
		{CF80B501-270A-6172-B2BD-BFAEDE487451}.Debug|Any CPU.ActiveCfg = Debug|Any CPU
		{CF80B501-270A-6172-B2BD-BFAEDE487451}.Debug|Any CPU.Build.0 = Debug|Any CPU
		{CF80B501-270A-6172-B2BD-BFAEDE487451}.Release|Any CPU.ActiveCfg = Release|Any CPU
		{CF80B501-270A-6172-B2BD-BFAEDE487451}.Release|Any CPU.Build.0 = Release|Any CPU
		{C22B701E-F405-6748-D688-9310F23040DD}.Debug|Any CPU.ActiveCfg = Debug|Any CPU
		{C22B701E-F405-6748-D688-9310F23040DD}.Debug|Any CPU.Build.0 = Debug|Any CPU
		{C22B701E-F405-6748-D688-9310F23040DD}.Release|Any CPU.ActiveCfg = Release|Any CPU
		{C22B701E-F405-6748-D688-9310F23040DD}.Release|Any CPU.Build.0 = Release|Any CPU
	EndGlobalSection
	GlobalSection(SolutionProperties) = preSolution
		HideSolutionNode = FALSE
	EndGlobalSection
EndGlobal
